
Microsoft Visual Studio Solution File, Format Version 11.00
# Visual Studio 2010
Project("{8BC9CEB8-8B4A-11D0-8D11-00A0C91BC942}") = "OTPWriterPro", "OTPWriterPro\OTPWriterPro.vcxproj", "{AFD42796-BEB8-4DAB-823E-4E37C5E9A81B}"
EndProject
Global
	GlobalSection(SolutionConfigurationPlatforms) = preSolution
		Debug|Win32 = Debug|Win32
		Release|Win32 = Release|Win32
	EndGlobalSection
	GlobalSection(ProjectConfigurationPlatforms) = postSolution
		{AFD42796-BEB8-4DAB-823E-4E37C5E9A81B}.Debug|Win32.ActiveCfg = Debug|Win32
		{AFD42796-BEB8-4DAB-823E-4E37C5E9A81B}.Debug|Win32.Build.0 = Debug|Win32
		{AFD42796-BEB8-4DAB-823E-4E37C5E9A81B}.Release|Win32.ActiveCfg = Release|Win32
		{AFD42796-BEB8-4DAB-823E-4E37C5E9A81B}.Release|Win32.Build.0 = Release|Win32
	EndGlobalSection
	GlobalSection(SolutionProperties) = preSolution
		HideSolutionNode = FALSE
	EndGlobalSection
EndGlobal
